
Microsoft Visual Studio Solution File, Format Version 12.00
# Visual Studio Version 16
VisualStudioVersion = 16.0.30225.117
MinimumVisualStudioVersion = 10.0.40219.1
Project("{FAE04EC0-301F-11D3-BF4B-00C04F79EFBC}") = "BMICalculator", "BMICalculator\BMICalculator.csproj", "{F20137C2-B18D-4E52-B79C-90FA36194C8F}"
EndProject
Global
	GlobalSection(SolutionConfigurationPlatforms) = preSolution
		Debug|Any CPU = Debug|Any CPU
		Release|Any CPU = Release|Any CPU
	EndGlobalSection
	GlobalSection(ProjectConfigurationPlatforms) = postSolution
		{F20137C2-B18D-4E52-B79C-90FA36194C8F}.Debug|Any CPU.ActiveCfg = Debug|Any CPU
		{F20137C2-B18D-4E52-B79C-90FA36194C8F}.Debug|Any CPU.Build.0 = Debug|Any CPU
		{F20137C2-B18D-4E52-B79C-90FA36194C8F}.Release|Any CPU.ActiveCfg = Release|Any CPU
		{F20137C2-B18D-4E52-B79C-90FA36194C8F}.Release|Any CPU.Build.0 = Release|Any CPU
	EndGlobalSection
	GlobalSection(SolutionProperties) = preSolution
		HideSolutionNode = FALSE
	EndGlobalSection
	GlobalSection(ExtensibilityGlobals) = postSolution
		SolutionGuid = {73575CE1-3B73-4941-9529-E2C3FD8A25E6}
	EndGlobalSection
EndGlobal
